
Microsoft Visual Studio Solution File, Format Version 12.00
# Visual Studio Version 17
VisualStudioVersion = 17.10.35201.131
MinimumVisualStudioVersion = 10.0.40219.1
Project("{FAE04EC0-301F-11D3-BF4B-00C04F79EFBC}") = "Demo_1_Ecommerce", "Demo_1_Ecommerce\Demo_1_Ecommerce.csproj", "{477F797B-75FB-4122-8715-9F94DBABA966}"
EndProject
Global
	GlobalSection(SolutionConfigurationPlatforms) = preSolution
		Debug|Any CPU = Debug|Any CPU
		Release|Any CPU = Release|Any CPU
	EndGlobalSection
	GlobalSection(ProjectConfigurationPlatforms) = postSolution
		{477F797B-75FB-4122-8715-9F94DBABA966}.Debug|Any CPU.ActiveCfg = Debug|Any CPU
		{477F797B-75FB-4122-8715-9F94DBABA966}.Debug|Any CPU.Build.0 = Debug|Any CPU
		{477F797B-75FB-4122-8715-9F94DBABA966}.Release|Any CPU.ActiveCfg = Release|Any CPU
		{477F797B-75FB-4122-8715-9F94DBABA966}.Release|Any CPU.Build.0 = Release|Any CPU
	EndGlobalSection
	GlobalSection(SolutionProperties) = preSolution
		HideSolutionNode = FALSE
	EndGlobalSection
	GlobalSection(ExtensibilityGlobals) = postSolution
		SolutionGuid = {3417837A-0E08-4D7A-B94E-A52A4F0E18F5}
	EndGlobalSection
EndGlobal
